// !$*UTF8*$!
{
	archiveVersion = 1;
	classes = {
	};
	objectVersion = 51;
	objects = {

/* Begin PBXBuildFile section */
		AA0F67F72853470600C35E6B /* MSMaxBannerDemoViewController.m in Sources */ = {isa = PBXBuildFile; fileRef = AA0F67F52853470600C35E6B /* MSMaxBannerDemoViewController.m */; };
		AA1BFB48245985F500D6E5D5 /* AppDelegate.m in Sources */ = {isa = PBXBuildFile; fileRef = AA1BFB47245985F500D6E5D5 /* AppDelegate.m */; };
		AA1BFB4B245985F500D6E5D5 /* SceneDelegate.m in Sources */ = {isa = PBXBuildFile; fileRef = AA1BFB4A245985F500D6E5D5 /* SceneDelegate.m */; };
		AA1BFB4E245985F500D6E5D5 /* ViewController.m in Sources */ = {isa = PBXBuildFile; fileRef = AA1BFB4D245985F500D6E5D5 /* ViewController.m */; };
		AA1BFB51245985F500D6E5D5 /* Main.storyboard in Resources */ = {isa = PBXBuildFile; fileRef = AA1BFB4F245985F500D6E5D5 /* Main.storyboard */; };
		AA1BFB53245985F700D6E5D5 /* Assets.xcassets in Resources */ = {isa = PBXBuildFile; fileRef = AA1BFB52245985F700D6E5D5 /* Assets.xcassets */; };
		AA1BFB56245985F700D6E5D5 /* LaunchScreen.storyboard in Resources */ = {isa = PBXBuildFile; fileRef = AA1BFB54245985F700D6E5D5 /* LaunchScreen.storyboard */; };
		AA1BFB59245985F700D6E5D5 /* main.m in Sources */ = {isa = PBXBuildFile; fileRef = AA1BFB58245985F700D6E5D5 /* main.m */; };
		AA2615BF2763438F00D16240 /* MSAdmobBannerDemoViewController.m in Sources */ = {isa = PBXBuildFile; fileRef = AA2615BD2763438F00D16240 /* MSAdmobBannerDemoViewController.m */; };
		AA2615C12763449900D16240 /* MSDebugConfig.plist in Resources */ = {isa = PBXBuildFile; fileRef = AA2615C02763449900D16240 /* MSDebugConfig.plist */; };
		AA34F1A12469247900F65FEF /* MSInterstitialDemoViewController.m in Sources */ = {isa = PBXBuildFile; fileRef = AA34F19D2469247900F65FEF /* MSInterstitialDemoViewController.m */; };
		AA34F1A22469247900F65FEF /* MSRewardDemoViewController.m in Sources */ = {isa = PBXBuildFile; fileRef = AA34F19E2469247900F65FEF /* MSRewardDemoViewController.m */; };
		AA9EDF6225CD493E002F1D1B /* File.swift in Sources */ = {isa = PBXBuildFile; fileRef = AA9EDF6125CD493E002F1D1B /* File.swift */; };
		BD09B3B90FAFCB669C1F5E5F /* libPods-MSSDKDemo.a in Frameworks */ = {isa = PBXBuildFile; fileRef = 942CF5E26D070BF52784098B /* libPods-MSSDKDemo.a */; };
/* End PBXBuildFile section */

/* Begin PBXFileReference section */
		136CA12ECC616E1FCDDB35E5 /* Pods-MSSDKDemo.release.xcconfig */ = {isa = PBXFileReference; includeInIndex = 1; lastKnownFileType = text.xcconfig; name = "Pods-MSSDKDemo.release.xcconfig"; path = "Target Support Files/Pods-MSSDKDemo/Pods-MSSDKDemo.release.xcconfig"; sourceTree = "<group>"; };
		942CF5E26D070BF52784098B /* libPods-MSSDKDemo.a */ = {isa = PBXFileReference; explicitFileType = archive.ar; includeInIndex = 0; path = "libPods-MSSDKDemo.a"; sourceTree = BUILT_PRODUCTS_DIR; };
		AA0F67F52853470600C35E6B /* MSMaxBannerDemoViewController.m */ = {isa = PBXFileReference; fileEncoding = 4; lastKnownFileType = sourcecode.c.objc; path = MSMaxBannerDemoViewController.m; sourceTree = "<group>"; };
		AA0F67F62853470600C35E6B /* MSMaxBannerDemoViewController.h */ = {isa = PBXFileReference; fileEncoding = 4; lastKnownFileType = sourcecode.c.h; path = MSMaxBannerDemoViewController.h; sourceTree = "<group>"; };
		AA1BFB43245985F500D6E5D5 /* MSSDKDemo.app */ = {isa = PBXFileReference; explicitFileType = wrapper.application; includeInIndex = 0; path = MSSDKDemo.app; sourceTree = BUILT_PRODUCTS_DIR; };
		AA1BFB46245985F500D6E5D5 /* AppDelegate.h */ = {isa = PBXFileReference; lastKnownFileType = sourcecode.c.h; path = AppDelegate.h; sourceTree = "<group>"; };
		AA1BFB47245985F500D6E5D5 /* AppDelegate.m */ = {isa = PBXFileReference; lastKnownFileType = sourcecode.c.objc; path = AppDelegate.m; sourceTree = "<group>"; };
		AA1BFB49245985F500D6E5D5 /* SceneDelegate.h */ = {isa = PBXFileReference; lastKnownFileType = sourcecode.c.h; path = SceneDelegate.h; sourceTree = "<group>"; };
		AA1BFB4A245985F500D6E5D5 /* SceneDelegate.m */ = {isa = PBXFileReference; lastKnownFileType = sourcecode.c.objc; path = SceneDelegate.m; sourceTree = "<group>"; };
		AA1BFB4C245985F500D6E5D5 /* ViewController.h */ = {isa = PBXFileReference; lastKnownFileType = sourcecode.c.h; path = ViewController.h; sourceTree = "<group>"; };
		AA1BFB4D245985F500D6E5D5 /* ViewController.m */ = {isa = PBXFileReference; lastKnownFileType = sourcecode.c.objc; path = ViewController.m; sourceTree = "<group>"; };
		AA1BFB50245985F500D6E5D5 /* Base */ = {isa = PBXFileReference; lastKnownFileType = file.storyboard; name = Base; path = Base.lproj/Main.storyboard; sourceTree = "<group>"; };
		AA1BFB52245985F700D6E5D5 /* Assets.xcassets */ = {isa = PBXFileReference; lastKnownFileType = folder.assetcatalog; path = Assets.xcassets; sourceTree = "<group>"; };
		AA1BFB55245985F700D6E5D5 /* Base */ = {isa = PBXFileReference; lastKnownFileType = file.storyboard; name = Base; path = Base.lproj/LaunchScreen.storyboard; sourceTree = "<group>"; };
		AA1BFB57245985F700D6E5D5 /* Info.plist */ = {isa = PBXFileReference; lastKnownFileType = text.plist.xml; path = Info.plist; sourceTree = "<group>"; };
		AA1BFB58245985F700D6E5D5 /* main.m */ = {isa = PBXFileReference; lastKnownFileType = sourcecode.c.objc; path = main.m; sourceTree = "<group>"; };
		AA2615BB2763438800D16240 /* MSMopubBannerDemoViewController.m */ = {isa = PBXFileReference; lastKnownFileType = sourcecode.c.objc; path = MSMopubBannerDemoViewController.m; sourceTree = "<group>"; };
		AA2615BC2763438900D16240 /* MSMopubBannerDemoViewController.h */ = {isa = PBXFileReference; lastKnownFileType = sourcecode.c.h; path = MSMopubBannerDemoViewController.h; sourceTree = "<group>"; };
		AA2615BD2763438F00D16240 /* MSAdmobBannerDemoViewController.m */ = {isa = PBXFileReference; fileEncoding = 4; lastKnownFileType = sourcecode.c.objc; path = MSAdmobBannerDemoViewController.m; sourceTree = "<group>"; };
		AA2615BE2763438F00D16240 /* MSAdmobBannerDemoViewController.h */ = {isa = PBXFileReference; fileEncoding = 4; lastKnownFileType = sourcecode.c.h; path = MSAdmobBannerDemoViewController.h; sourceTree = "<group>"; };
		AA2615C02763449900D16240 /* MSDebugConfig.plist */ = {isa = PBXFileReference; fileEncoding = 4; lastKnownFileType = text.plist.xml; path = MSDebugConfig.plist; sourceTree = "<group>"; };
		AA34F19A2469247800F65FEF /* MSInterstitialDemoViewController.h */ = {isa = PBXFileReference; fileEncoding = 4; lastKnownFileType = sourcecode.c.h; path = MSInterstitialDemoViewController.h; sourceTree = "<group>"; };
		AA34F19D2469247900F65FEF /* MSInterstitialDemoViewController.m */ = {isa = PBXFileReference; fileEncoding = 4; lastKnownFileType = sourcecode.c.objc; path = MSInterstitialDemoViewController.m; sourceTree = "<group>"; };
		AA34F19E2469247900F65FEF /* MSRewardDemoViewController.m */ = {isa = PBXFileReference; fileEncoding = 4; lastKnownFileType = sourcecode.c.objc; path = MSRewardDemoViewController.m; sourceTree = "<group>"; };
		AA34F19F2469247900F65FEF /* MSRewardDemoViewController.h */ = {isa = PBXFileReference; fileEncoding = 4; lastKnownFileType = sourcecode.c.h; path = MSRewardDemoViewController.h; sourceTree = "<group>"; };
		AA9EDF6025CD493D002F1D1B /* MSSDKDemo-Bridging-Header.h */ = {isa = PBXFileReference; lastKnownFileType = sourcecode.c.h; path = "MSSDKDemo-Bridging-Header.h"; sourceTree = "<group>"; };
		AA9EDF6125CD493E002F1D1B /* File.swift */ = {isa = PBXFileReference; lastKnownFileType = sourcecode.swift; path = File.swift; sourceTree = "<group>"; };
		DB61AD341C91413EAEDEF324 /* Pods-MSSDKDemo.debug.xcconfig */ = {isa = PBXFileReference; includeInIndex = 1; lastKnownFileType = text.xcconfig; name = "Pods-MSSDKDemo.debug.xcconfig"; path = "Target Support Files/Pods-MSSDKDemo/Pods-MSSDKDemo.debug.xcconfig"; sourceTree = "<group>"; };
/* End PBXFileReference section */

/* Begin PBXFrameworksBuildPhase section */
		AA1BFB40245985F500D6E5D5 /* Frameworks */ = {
			isa = PBXFrameworksBuildPhase;
			buildActionMask = 2147483647;
			files = (
				BD09B3B90FAFCB669C1F5E5F /* libPods-MSSDKDemo.a in Frameworks */,
			);
			runOnlyForDeploymentPostprocessing = 0;
		};
/* End PBXFrameworksBuildPhase section */

/* Begin PBXGroup section */
		A01AE02ED24CE407662FA77C /* Frameworks */ = {
			isa = PBXGroup;
			children = (
				942CF5E26D070BF52784098B /* libPods-MSSDKDemo.a */,
			);
			name = Frameworks;
			sourceTree = "<group>";
		};
		A0C4F88D0E5B27A9EC1C9D00 /* Pods */ = {
			isa = PBXGroup;
			children = (
				DB61AD341C91413EAEDEF324 /* Pods-MSSDKDemo.debug.xcconfig */,
				136CA12ECC616E1FCDDB35E5 /* Pods-MSSDKDemo.release.xcconfig */,
			);
			path = Pods;
			sourceTree = "<group>";
		};
		AA1BFB3A245985F500D6E5D5 = {
			isa = PBXGroup;
			children = (
				AA1BFB45245985F500D6E5D5 /* MSSDKDemo */,
				AA1BFB44245985F500D6E5D5 /* Products */,
				A0C4F88D0E5B27A9EC1C9D00 /* Pods */,
				A01AE02ED24CE407662FA77C /* Frameworks */,
			);
			sourceTree = "<group>";
		};
		AA1BFB44245985F500D6E5D5 /* Products */ = {
			isa = PBXGroup;
			children = (
				AA1BFB43245985F500D6E5D5 /* MSSDKDemo.app */,
			);
			name = Products;
			sourceTree = "<group>";
		};
		AA1BFB45245985F500D6E5D5 /* MSSDKDemo */ = {
			isa = PBXGroup;
			children = (
				AA2615C02763449900D16240 /* MSDebugConfig.plist */,
				AA1BFB46245985F500D6E5D5 /* AppDelegate.h */,
				AA1BFB47245985F500D6E5D5 /* AppDelegate.m */,
				AA1BFB49245985F500D6E5D5 /* SceneDelegate.h */,
				AA1BFB4A245985F500D6E5D5 /* SceneDelegate.m */,
				AA1BFB4C245985F500D6E5D5 /* ViewController.h */,
				AA1BFB4D245985F500D6E5D5 /* ViewController.m */,
				AA9EDF6125CD493E002F1D1B /* File.swift */,
				AA2615BC2763438900D16240 /* MSMopubBannerDemoViewController.h */,
				AA2615BB2763438800D16240 /* MSMopubBannerDemoViewController.m */,
				AA2615BE2763438F00D16240 /* MSAdmobBannerDemoViewController.h */,
				AA2615BD2763438F00D16240 /* MSAdmobBannerDemoViewController.m */,
				AA0F67F62853470600C35E6B /* MSMaxBannerDemoViewController.h */,
				AA0F67F52853470600C35E6B /* MSMaxBannerDemoViewController.m */,
				AA34F19A2469247800F65FEF /* MSInterstitialDemoViewController.h */,
				AA34F19D2469247900F65FEF /* MSInterstitialDemoViewController.m */,
				AA34F19F2469247900F65FEF /* MSRewardDemoViewController.h */,
				AA34F19E2469247900F65FEF /* MSRewardDemoViewController.m */,
				AA1BFB4F245985F500D6E5D5 /* Main.storyboard */,
				AA1BFB52245985F700D6E5D5 /* Assets.xcassets */,
				AA1BFB54245985F700D6E5D5 /* LaunchScreen.storyboard */,
				AA1BFB57245985F700D6E5D5 /* Info.plist */,
				AA1BFB58245985F700D6E5D5 /* main.m */,
				AA9EDF6025CD493D002F1D1B /* MSSDKDemo-Bridging-Header.h */,
			);
			path = MSSDKDemo;
			sourceTree = "<group>";
		};
/* End PBXGroup section */

/* Begin PBXNativeTarget section */
		AA1BFB42245985F500D6E5D5 /* MSSDKDemo */ = {
			isa = PBXNativeTarget;
			buildConfigurationList = AA1BFB5C245985F700D6E5D5 /* Build configuration list for PBXNativeTarget "MSSDKDemo" */;
			buildPhases = (
				B950305ADE50DB4BF3BC5883 /* [CP] Check Pods Manifest.lock */,
				AA1BFB3F245985F500D6E5D5 /* Sources */,
				AA1BFB40245985F500D6E5D5 /* Frameworks */,
				AA1BFB41245985F500D6E5D5 /* Resources */,
				EBC22112CEFE2303A45570B2 /* [CP] Embed Pods Frameworks */,
				93A3C05FDF5479A0541CD806 /* [CP] Copy Pods Resources */,
			);
			buildRules = (
			);
			dependencies = (
			);
			name = MSSDKDemo;
			productName = MSSDKDemo;
			productReference = AA1BFB43245985F500D6E5D5 /* MSSDKDemo.app */;
			productType = "com.apple.product-type.application";
		};
/* End PBXNativeTarget section */

/* Begin PBXProject section */
		AA1BFB3B245985F500D6E5D5 /* Project object */ = {
			isa = PBXProject;
			attributes = {
				LastUpgradeCheck = 1110;
				ORGANIZATIONNAME = "UPLTV Technology Co.,Ltd..";
				TargetAttributes = {
					AA1BFB42245985F500D6E5D5 = {
						CreatedOnToolsVersion = 11.1;
						LastSwiftMigration = 1200;
					};
				};
			};
			buildConfigurationList = AA1BFB3E245985F500D6E5D5 /* Build configuration list for PBXProject "MSSDKDemo" */;
			compatibilityVersion = "Xcode 9.3";
			developmentRegion = en;
			hasScannedForEncodings = 0;
			knownRegions = (
				en,
				Base,
			);
			mainGroup = AA1BFB3A245985F500D6E5D5;
			productRefGroup = AA1BFB44245985F500D6E5D5 /* Products */;
			projectDirPath = "";
			projectRoot = "";
			targets = (
				AA1BFB42245985F500D6E5D5 /* MSSDKDemo */,
			);
		};
/* End PBXProject section */

/* Begin PBXResourcesBuildPhase section */
		AA1BFB41245985F500D6E5D5 /* Resources */ = {
			isa = PBXResourcesBuildPhase;
			buildActionMask = 2147483647;
			files = (
				AA1BFB56245985F700D6E5D5 /* LaunchScreen.storyboard in Resources */,
				AA1BFB53245985F700D6E5D5 /* Assets.xcassets in Resources */,
				AA1BFB51245985F500D6E5D5 /* Main.storyboard in Resources */,
				AA2615C12763449900D16240 /* MSDebugConfig.plist in Resources */,
			);
			runOnlyForDeploymentPostprocessing = 0;
		};
/* End PBXResourcesBuildPhase section */

/* Begin PBXShellScriptBuildPhase section */
		93A3C05FDF5479A0541CD806 /* [CP] Copy Pods Resources */ = {
			isa = PBXShellScriptBuildPhase;
			buildActionMask = 2147483647;
			files = (
			);
			inputFileListPaths = (
				"${PODS_ROOT}/Target Support Files/Pods-MSSDKDemo/Pods-MSSDKDemo-resources-${CONFIGURATION}-input-files.xcfilelist",
			);
			name = "[CP] Copy Pods Resources";
			outputFileListPaths = (
				"${PODS_ROOT}/Target Support Files/Pods-MSSDKDemo/Pods-MSSDKDemo-resources-${CONFIGURATION}-output-files.xcfilelist",
			);
			runOnlyForDeploymentPostprocessing = 0;
			shellPath = /bin/sh;
			shellScript = "\"${PODS_ROOT}/Target Support Files/Pods-MSSDKDemo/Pods-MSSDKDemo-resources.sh\"\n";
			showEnvVarsInLog = 0;
		};
		B950305ADE50DB4BF3BC5883 /* [CP] Check Pods Manifest.lock */ = {
			isa = PBXShellScriptBuildPhase;
			buildActionMask = 2147483647;
			files = (
			);
			inputFileListPaths = (
			);
			inputPaths = (
				"${PODS_PODFILE_DIR_PATH}/Podfile.lock",
				"${PODS_ROOT}/Manifest.lock",
			);
			name = "[CP] Check Pods Manifest.lock";
			outputFileListPaths = (
			);
			outputPaths = (
				"$(DERIVED_FILE_DIR)/Pods-MSSDKDemo-checkManifestLockResult.txt",
			);
			runOnlyForDeploymentPostprocessing = 0;
			shellPath = /bin/sh;
			shellScript = "diff \"${PODS_PODFILE_DIR_PATH}/Podfile.lock\" \"${PODS_ROOT}/Manifest.lock\" > /dev/null\nif [ $? != 0 ] ; then\n    # print error to STDERR\n    echo \"error: The sandbox is not in sync with the Podfile.lock. Run 'pod install' or update your CocoaPods installation.\" >&2\n    exit 1\nfi\n# This output is used by Xcode 'outputs' to avoid re-running this script phase.\necho \"SUCCESS\" > \"${SCRIPT_OUTPUT_FILE_0}\"\n";
			showEnvVarsInLog = 0;
		};
		EBC22112CEFE2303A45570B2 /* [CP] Embed Pods Frameworks */ = {
			isa = PBXShellScriptBuildPhase;
			buildActionMask = 2147483647;
			files = (
			);
			inputFileListPaths = (
				"${PODS_ROOT}/Target Support Files/Pods-MSSDKDemo/Pods-MSSDKDemo-frameworks-${CONFIGURATION}-input-files.xcfilelist",
			);
			name = "[CP] Embed Pods Frameworks";
			outputFileListPaths = (
				"${PODS_ROOT}/Target Support Files/Pods-MSSDKDemo/Pods-MSSDKDemo-frameworks-${CONFIGURATION}-output-files.xcfilelist",
			);
			runOnlyForDeploymentPostprocessing = 0;
			shellPath = /bin/sh;
			shellScript = "\"${PODS_ROOT}/Target Support Files/Pods-MSSDKDemo/Pods-MSSDKDemo-frameworks.sh\"\n";
			showEnvVarsInLog = 0;
		};
/* End PBXShellScriptBuildPhase section */

/* Begin PBXSourcesBuildPhase section */
		AA1BFB3F245985F500D6E5D5 /* Sources */ = {
			isa = PBXSourcesBuildPhase;
			buildActionMask = 2147483647;
			files = (
				AA0F67F72853470600C35E6B /* MSMaxBannerDemoViewController.m in Sources */,
				AA1BFB4E245985F500D6E5D5 /* ViewController.m in Sources */,
				AA1BFB48245985F500D6E5D5 /* AppDelegate.m in Sources */,
				AA1BFB59245985F700D6E5D5 /* main.m in Sources */,
				AA2615BF2763438F00D16240 /* MSAdmobBannerDemoViewController.m in Sources */,
				AA1BFB4B245985F500D6E5D5 /* SceneDelegate.m in Sources */,
				AA9EDF6225CD493E002F1D1B /* File.swift in Sources */,
				AA34F1A22469247900F65FEF /* MSRewardDemoViewController.m in Sources */,
				AA34F1A12469247900F65FEF /* MSInterstitialDemoViewController.m in Sources */,
			);
			runOnlyForDeploymentPostprocessing = 0;
		};
/* End PBXSourcesBuildPhase section */

/* Begin PBXVariantGroup section */
		AA1BFB4F245985F500D6E5D5 /* Main.storyboard */ = {
			isa = PBXVariantGroup;
			children = (
				AA1BFB50245985F500D6E5D5 /* Base */,
			);
			name = Main.storyboard;
			sourceTree = "<group>";
		};
		AA1BFB54245985F700D6E5D5 /* LaunchScreen.storyboard */ = {
			isa = PBXVariantGroup;
			children = (
				AA1BFB55245985F700D6E5D5 /* Base */,
			);
			name = LaunchScreen.storyboard;
			sourceTree = "<group>";
		};
/* End PBXVariantGroup section */

/* Begin XCBuildConfiguration section */
		AA1BFB5A245985F700D6E5D5 /* Debug */ = {
			isa = XCBuildConfiguration;
			buildSettings = {
				ALWAYS_SEARCH_USER_PATHS = NO;
				CLANG_ANALYZER_NONNULL = YES;
				CLANG_ANALYZER_NUMBER_OBJECT_CONVERSION = YES_AGGRESSIVE;
				CLANG_CXX_LANGUAGE_STANDARD = "gnu++14";
				CLANG_CXX_LIBRARY = "libc++";
				CLANG_ENABLE_MODULES = YES;
				CLANG_ENABLE_OBJC_ARC = YES;
				CLANG_ENABLE_OBJC_WEAK = YES;
				CLANG_WARN_BLOCK_CAPTURE_AUTORELEASING = YES;
				CLANG_WARN_BOOL_CONVERSION = YES;
				CLANG_WARN_COMMA = YES;
				CLANG_WARN_CONSTANT_CONVERSION = YES;
				CLANG_WARN_DEPRECATED_OBJC_IMPLEMENTATIONS = YES;
				CLANG_WARN_DIRECT_OBJC_ISA_USAGE = YES_ERROR;
				CLANG_WARN_DOCUMENTATION_COMMENTS = YES;
				CLANG_WARN_EMPTY_BODY = YES;
				CLANG_WARN_ENUM_CONVERSION = YES;
				CLANG_WARN_INFINITE_RECURSION = YES;
				CLANG_WARN_INT_CONVERSION = YES;
				CLANG_WARN_NON_LITERAL_NULL_CONVERSION = YES;
				CLANG_WARN_OBJC_IMPLICIT_RETAIN_SELF = YES;
				CLANG_WARN_OBJC_LITERAL_CONVERSION = YES;
				CLANG_WARN_OBJC_ROOT_CLASS = YES_ERROR;
				CLANG_WARN_RANGE_LOOP_ANALYSIS = YES;
				CLANG_WARN_STRICT_PROTOTYPES = YES;
				CLANG_WARN_SUSPICIOUS_MOVE = YES;
				CLANG_WARN_UNGUARDED_AVAILABILITY = YES_AGGRESSIVE;
				CLANG_WARN_UNREACHABLE_CODE = YES;
				CLANG_WARN__DUPLICATE_METHOD_MATCH = YES;
				COPY_PHASE_STRIP = NO;
				DEBUG_INFORMATION_FORMAT = dwarf;
				ENABLE_STRICT_OBJC_MSGSEND = YES;
				ENABLE_TESTABILITY = YES;
				GCC_C_LANGUAGE_STANDARD = gnu11;
				GCC_DYNAMIC_NO_PIC = NO;
				GCC_NO_COMMON_BLOCKS = YES;
				GCC_OPTIMIZATION_LEVEL = 0;
				GCC_PREPROCESSOR_DEFINITIONS = (
					"DEBUG=1",
					"$(inherited)",
				);
				GCC_WARN_64_TO_32_BIT_CONVERSION = YES;
				GCC_WARN_ABOUT_RETURN_TYPE = YES_ERROR;
				GCC_WARN_UNDECLARED_SELECTOR = YES;
				GCC_WARN_UNINITIALIZED_AUTOS = YES_AGGRESSIVE;
				GCC_WARN_UNUSED_FUNCTION = YES;
				GCC_WARN_UNUSED_VARIABLE = YES;
				IPHONEOS_DEPLOYMENT_TARGET = 13.1;
				MTL_ENABLE_DEBUG_INFO = INCLUDE_SOURCE;
				MTL_FAST_MATH = YES;
				ONLY_ACTIVE_ARCH = YES;
				SDKROOT = iphoneos;
			};
			name = Debug;
		};
		AA1BFB5B245985F700D6E5D5 /* Release */ = {
			isa = XCBuildConfiguration;
			buildSettings = {
				ALWAYS_SEARCH_USER_PATHS = NO;
				CLANG_ANALYZER_NONNULL = YES;
				CLANG_ANALYZER_NUMBER_OBJECT_CONVERSION = YES_AGGRESSIVE;
				CLANG_CXX_LANGUAGE_STANDARD = "gnu++14";
				CLANG_CXX_LIBRARY = "libc++";
				CLANG_ENABLE_MODULES = YES;
				CLANG_ENABLE_OBJC_ARC = YES;
				CLANG_ENABLE_OBJC_WEAK = YES;
				CLANG_WARN_BLOCK_CAPTURE_AUTORELEASING = YES;
				CLANG_WARN_BOOL_CONVERSION = YES;
				CLANG_WARN_COMMA = YES;
				CLANG_WARN_CONSTANT_CONVERSION = YES;
				CLANG_WARN_DEPRECATED_OBJC_IMPLEMENTATIONS = YES;
				CLANG_WARN_DIRECT_OBJC_ISA_USAGE = YES_ERROR;
				CLANG_WARN_DOCUMENTATION_COMMENTS = YES;
				CLANG_WARN_EMPTY_BODY = YES;
				CLANG_WARN_ENUM_CONVERSION = YES;
				CLANG_WARN_INFINITE_RECURSION = YES;
				CLANG_WARN_INT_CONVERSION = YES;
				CLANG_WARN_NON_LITERAL_NULL_CONVERSION = YES;
				CLANG_WARN_OBJC_IMPLICIT_RETAIN_SELF = YES;
				CLANG_WARN_OBJC_LITERAL_CONVERSION = YES;
				CLANG_WARN_OBJC_ROOT_CLASS = YES_ERROR;
				CLANG_WARN_RANGE_LOOP_ANALYSIS = YES;
				CLANG_WARN_STRICT_PROTOTYPES = YES;
				CLANG_WARN_SUSPICIOUS_MOVE = YES;
				CLANG_WARN_UNGUARDED_AVAILABILITY = YES_AGGRESSIVE;
				CLANG_WARN_UNREACHABLE_CODE = YES;
				CLANG_WARN__DUPLICATE_METHOD_MATCH = YES;
				COPY_PHASE_STRIP = NO;
				DEBUG_INFORMATION_FORMAT = "dwarf-with-dsym";
				ENABLE_NS_ASSERTIONS = NO;
				ENABLE_STRICT_OBJC_MSGSEND = YES;
				GCC_C_LANGUAGE_STANDARD = gnu11;
				GCC_NO_COMMON_BLOCKS = YES;
				GCC_WARN_64_TO_32_BIT_CONVERSION = YES;
				GCC_WARN_ABOUT_RETURN_TYPE = YES_ERROR;
				GCC_WARN_UNDECLARED_SELECTOR = YES;
				GCC_WARN_UNINITIALIZED_AUTOS = YES_AGGRESSIVE;
				GCC_WARN_UNUSED_FUNCTION = YES;
				GCC_WARN_UNUSED_VARIABLE = YES;
				IPHONEOS_DEPLOYMENT_TARGET = 13.1;
				MTL_ENABLE_DEBUG_INFO = NO;
				MTL_FAST_MATH = YES;
				SDKROOT = iphoneos;
				VALIDATE_PRODUCT = YES;
			};
			name = Release;
		};
		AA1BFB5D245985F700D6E5D5 /* Debug */ = {
			isa = XCBuildConfiguration;
			baseConfigurationReference = DB61AD341C91413EAEDEF324 /* Pods-MSSDKDemo.debug.xcconfig */;
			buildSettings = {
				ASSETCATALOG_COMPILER_APPICON_NAME = AppIcon;
				CLANG_ENABLE_MODULES = YES;
				CODE_SIGN_IDENTITY = "iPhone Developer";
				CODE_SIGN_STYLE = Manual;
				CURRENT_PROJECT_VERSION = 5;
				DEVELOPMENT_TEAM = 8Q98XXS96P;
				ENABLE_BITCODE = YES;
				FRAMEWORK_SEARCH_PATHS = (
					"$(inherited)",
					"$(PROJECT_DIR)/3rd/TraceAnalysisSDK_4.1.0.4_1",
				);
				INFOPLIST_FILE = MSSDKDemo/Info.plist;
				IPHONEOS_DEPLOYMENT_TARGET = 12.0;
				LD_RUNPATH_SEARCH_PATHS = (
					"$(inherited)",
					"@executable_path/Frameworks",
				);
				MARKETING_VERSION = 1.0.0;
				PRODUCT_BUNDLE_IDENTIFIER = com.upltv.mssdk;
				PRODUCT_NAME = "$(TARGET_NAME)";
				PROVISIONING_PROFILE_SPECIFIER = com.upltv.mssdk_Development_Profile;
				SWIFT_OBJC_BRIDGING_HEADER = "MSSDKDemo/MSSDKDemo-Bridging-Header.h";
				SWIFT_OPTIMIZATION_LEVEL = "-Onone";
				SWIFT_VERSION = 5.0;
				TARGETED_DEVICE_FAMILY = 1;
			};
			name = Debug;
		};
		AA1BFB5E245985F700D6E5D5 /* Release */ = {
			isa = XCBuildConfiguration;
			baseConfigurationReference = 136CA12ECC616E1FCDDB35E5 /* Pods-MSSDKDemo.release.xcconfig */;
			buildSettings = {
				ASSETCATALOG_COMPILER_APPICON_NAME = AppIcon;
				CLANG_ENABLE_MODULES = YES;
				CODE_SIGN_IDENTITY = "iPhone Developer";
				CODE_SIGN_STYLE = Manual;
				CURRENT_PROJECT_VERSION = 5;
				DEVELOPMENT_TEAM = 8Q98XXS96P;
				ENABLE_BITCODE = YES;
				FRAMEWORK_SEARCH_PATHS = (
					"$(inherited)",
					"$(PROJECT_DIR)/3rd/TraceAnalysisSDK_4.1.0.4_1",
				);
				INFOPLIST_FILE = MSSDKDemo/Info.plist;
				IPHONEOS_DEPLOYMENT_TARGET = 12.0;
				LD_RUNPATH_SEARCH_PATHS = (
					"$(inherited)",
					"@executable_path/Frameworks",
				);
				MARKETING_VERSION = 1.0.0;
				PRODUCT_BUNDLE_IDENTIFIER = com.upltv.mssdk;
				PRODUCT_NAME = "$(TARGET_NAME)";
				PROVISIONING_PROFILE_SPECIFIER = com.upltv.mssdk_Development_Profile;
				SWIFT_OBJC_BRIDGING_HEADER = "MSSDKDemo/MSSDKDemo-Bridging-Header.h";
				SWIFT_VERSION = 5.0;
				TARGETED_DEVICE_FAMILY = 1;
			};
			name = Release;
		};
/* End XCBuildConfiguration section */

/* Begin XCConfigurationList section */
		AA1BFB3E245985F500D6E5D5 /* Build configuration list for PBXProject "MSSDKDemo" */ = {
			isa = XCConfigurationList;
			buildConfigurations = (
				AA1BFB5A245985F700D6E5D5 /* Debug */,
				AA1BFB5B245985F700D6E5D5 /* Release */,
			);
			defaultConfigurationIsVisible = 0;
			defaultConfigurationName = Release;
		};
		AA1BFB5C245985F700D6E5D5 /* Build configuration list for PBXNativeTarget "MSSDKDemo" */ = {
			isa = XCConfigurationList;
			buildConfigurations = (
				AA1BFB5D245985F700D6E5D5 /* Debug */,
				AA1BFB5E245985F700D6E5D5 /* Release */,
			);
			defaultConfigurationIsVisible = 0;
			defaultConfigurationName = Release;
		};
/* End XCConfigurationList section */
	};
	rootObject = AA1BFB3B245985F500D6E5D5 /* Project object */;
}
