PODS:
  - AdColony (4.9.0)
  - Ads-Global/BUAdSDK_Compatible (5.3.1.0):
    - Ads-Global/BURelyAdSDK
    - Ads-Global/Dep_Compatible
  - Ads-Global/BURelyAdSDK (5.3.1.0)
  - Ads-Global/Dep_Compatible (5.3.1.0):
    - BURelyFoundation_Global/Pangle (~> 0.1.1.0)
  - AppLovinMediationAdColonyAdapter (4.9.0.0.4):
    - AdColony (= 4.9.0)
    - AppLovinSDK
  - AppLovinMediationByteDanceAdapter (5.3.1.0.0):
    - Ads-Global/BUAdSDK_Compatible (= 5.3.1.0)
    - AppLovinSDK
  - AppLovinMediationChartboostAdapter (9.3.1.0):
    - AppLovinSDK
    - ChartboostSDK (= 9.3.1)
  - AppLovinMediationFacebookAdapter (6.12.0.3):
    - AppLovinSDK
    - FBAudienceNetwork (= 6.12.0)
  - AppLovinMediationFyberAdapter (8.2.3.0):
    - AppLovinSDK
    - Fyber_Marketplace_SDK (= 8.2.3)
  - AppLovinMediationGoogleAdapter (10.8.0.0):
    - AppLovinSDK
    - Google-Mobile-Ads-SDK (= 10.8.0)
  - AppLovinMediationGoogleAdManagerAdapter (10.8.0.0):
    - AppLovinSDK
    - Google-Mobile-Ads-SDK (= 10.8.0)
  - AppLovinMediationInMobiAdapter (10.1.4.1):
    - AppLovinSDK
    - InMobiSDK/Core (= 10.1.4)
  - AppLovinMediationIronSourceAdapter (7.3.1.0.1):
    - AppLovinSDK
    - IronSourceSDK (= 7.3.1.0)
  - AppLovinMediationSmaatoAdapter (22.2.1.0):
    - AppLovinSDK
    - smaato-ios-sdk (= 22.2.1)
    - smaato-ios-sdk/InApp (= 22.2.1)
  - AppLovinMediationTapjoyAdapter (13.1.1.0):
    - AppLovinSDK
    - TapjoySDK (= 13.1.1)
  - AppLovinMediationUnityAdsAdapter (4.8.0.1):
    - AppLovinSDK
    - UnityAds (= 4.8.0)
  - AppLovinMediationVungleAdapter (6.12.3.0):
    - AppLovinSDK
    - VungleSDK-iOS (= 6.12.3)
  - AppLovinSDK (11.10.1)
  - BURelyFoundation_Global/AFNetworking (0.1.1.0)
  - BURelyFoundation_Global/Foundation (0.1.1.0):
    - BURelyFoundation_Global/NETWork
  - BURelyFoundation_Global/Gecko (0.1.1.0):
    - BURelyFoundation_Global/Foundation
  - BURelyFoundation_Global/Header (0.1.1.0)
  - BURelyFoundation_Global/NETWork (0.1.1.0):
    - BURelyFoundation_Global/AFNetworking
  - BURelyFoundation_Global/Pangle (0.1.1.0):
    - BURelyFoundation_Global/AFNetworking
    - BURelyFoundation_Global/Foundation
    - BURelyFoundation_Global/Gecko
    - BURelyFoundation_Global/Header
    - BURelyFoundation_Global/NETWork
    - BURelyFoundation_Global/SDWebImage
    - BURelyFoundation_Global/YYModel
    - BURelyFoundation_Global/ZFPlayer
    - BURelyFoundation_Global/Zip
  - BURelyFoundation_Global/SDWebImage (0.1.1.0):
    - BURelyFoundation_Global/Foundation
  - BURelyFoundation_Global/YYModel (0.1.1.0)
  - BURelyFoundation_Global/ZFPlayer (0.1.1.0):
    - BURelyFoundation_Global/Foundation
    - BURelyFoundation_Global/Zip
  - BURelyFoundation_Global/Zip (0.1.1.0):
    - BURelyFoundation_Global/Foundation
  - ChartboostSDK (9.3.1)
  - FBAudienceNetwork (6.12.0)
  - Fyber_Marketplace_SDK (8.2.3)
  - Google-Mobile-Ads-SDK (10.8.0):
    - GoogleAppMeasurement (< 11.0, >= 7.0)
    - GoogleUserMessagingPlatform (>= 1.1)
  - GoogleAppMeasurement (10.12.0):
    - GoogleAppMeasurement/AdIdSupport (= 10.12.0)
    - GoogleUtilities/AppDelegateSwizzler (~> 7.11)
    - GoogleUtilities/MethodSwizzler (~> 7.11)
    - GoogleUtilities/Network (~> 7.11)
    - "GoogleUtilities/NSData+zlib (~> 7.11)"
    - nanopb (< 2.30910.0, >= 2.30908.0)
  - GoogleAppMeasurement/AdIdSupport (10.12.0):
    - GoogleAppMeasurement/WithoutAdIdSupport (= 10.12.0)
    - GoogleUtilities/AppDelegateSwizzler (~> 7.11)
    - GoogleUtilities/MethodSwizzler (~> 7.11)
    - GoogleUtilities/Network (~> 7.11)
    - "GoogleUtilities/NSData+zlib (~> 7.11)"
    - nanopb (< 2.30910.0, >= 2.30908.0)
  - GoogleAppMeasurement/WithoutAdIdSupport (10.12.0):
    - GoogleUtilities/AppDelegateSwizzler (~> 7.11)
    - GoogleUtilities/MethodSwizzler (~> 7.11)
    - GoogleUtilities/Network (~> 7.11)
    - "GoogleUtilities/NSData+zlib (~> 7.11)"
    - nanopb (< 2.30910.0, >= 2.30908.0)
  - GoogleUserMessagingPlatform (2.0.1)
  - GoogleUtilities/AppDelegateSwizzler (7.11.1):
    - GoogleUtilities/Environment
    - GoogleUtilities/Logger
    - GoogleUtilities/Network
  - GoogleUtilities/Environment (7.11.1):
    - PromisesObjC (< 3.0, >= 1.2)
  - GoogleUtilities/Logger (7.11.1):
    - GoogleUtilities/Environment
  - GoogleUtilities/MethodSwizzler (7.11.1):
    - GoogleUtilities/Logger
  - GoogleUtilities/Network (7.11.1):
    - GoogleUtilities/Logger
    - "GoogleUtilities/NSData+zlib"
    - GoogleUtilities/Reachability
  - "GoogleUtilities/NSData+zlib (7.11.1)"
  - GoogleUtilities/Reachability (7.11.1):
    - GoogleUtilities/Logger
  - InMobiSDK/Core (10.1.4)
  - IronSourceSDK (7.3.1.0)
  - MSSDK (4.0.0.2)
  - nanopb (2.30909.0):
    - nanopb/decode (= 2.30909.0)
    - nanopb/encode (= 2.30909.0)
  - nanopb/decode (2.30909.0)
  - nanopb/encode (2.30909.0)
  - PromisesObjC (2.2.0)
  - smaato-ios-sdk (22.2.1):
    - smaato-ios-sdk/Full (= 22.2.1)
  - smaato-ios-sdk/Banner (22.2.1):
    - smaato-ios-sdk/Modules/Banner
    - smaato-ios-sdk/Modules/Core
    - smaato-ios-sdk/Modules/RichMedia
  - smaato-ios-sdk/Full (22.2.1):
    - smaato-ios-sdk/Banner
    - smaato-ios-sdk/Interstitial
    - smaato-ios-sdk/Native
    - smaato-ios-sdk/Outstream
    - smaato-ios-sdk/RewardedAds
  - smaato-ios-sdk/InApp (22.2.1):
    - smaato-ios-sdk/Modules/Core
  - smaato-ios-sdk/Interstitial (22.2.1):
    - smaato-ios-sdk/Modules/Interstitial
    - smaato-ios-sdk/Modules/RichMedia
    - smaato-ios-sdk/Modules/Video
  - smaato-ios-sdk/Modules/Banner (22.2.1):
    - smaato-ios-sdk/Modules/Core
  - smaato-ios-sdk/Modules/Core (22.2.1)
  - smaato-ios-sdk/Modules/Interstitial (22.2.1):
    - smaato-ios-sdk/Modules/Core
  - smaato-ios-sdk/Modules/Native (22.2.1):
    - smaato-ios-sdk/Modules/Core
  - smaato-ios-sdk/Modules/OpenMeasurement (22.2.1):
    - smaato-ios-sdk/Modules/Core
  - smaato-ios-sdk/Modules/Outstream (22.2.1):
    - smaato-ios-sdk/Modules/Banner
    - smaato-ios-sdk/Modules/Core
    - smaato-ios-sdk/Modules/RichMedia
  - smaato-ios-sdk/Modules/RewardedAds (22.2.1):
    - smaato-ios-sdk/Modules/Core
  - smaato-ios-sdk/Modules/RichMedia (22.2.1):
    - smaato-ios-sdk/Modules/Core
    - smaato-ios-sdk/Modules/OpenMeasurement
  - smaato-ios-sdk/Modules/Video (22.2.1):
    - smaato-ios-sdk/Modules/Core
    - smaato-ios-sdk/Modules/OpenMeasurement
  - smaato-ios-sdk/Native (22.2.1):
    - smaato-ios-sdk/Modules/Core
    - smaato-ios-sdk/Modules/Native
  - smaato-ios-sdk/Outstream (22.2.1):
    - smaato-ios-sdk/Modules/Outstream
  - smaato-ios-sdk/RewardedAds (22.2.1):
    - smaato-ios-sdk/Modules/RewardedAds
    - smaato-ios-sdk/Modules/Video
  - TapjoySDK (13.1.1)
  - TASDK (4.1.1.1)
  - UnityAds (4.8.0)
  - VungleSDK-iOS (6.12.3)

DEPENDENCIES:
  - AppLovinMediationAdColonyAdapter
  - AppLovinMediationByteDanceAdapter
  - AppLovinMediationChartboostAdapter
  - AppLovinMediationFacebookAdapter
  - AppLovinMediationFyberAdapter
  - AppLovinMediationGoogleAdapter
  - AppLovinMediationGoogleAdManagerAdapter
  - AppLovinMediationInMobiAdapter
  - AppLovinMediationIronSourceAdapter
  - AppLovinMediationSmaatoAdapter
  - AppLovinMediationTapjoyAdapter
  - AppLovinMediationUnityAdsAdapter
  - AppLovinMediationVungleAdapter
  - AppLovinSDK
  - MSSDK (= 4.0.0.2)
  - TASDK

SPEC REPOS:
  https://github.com/Avid-ly/iOS-CocoaPods-Spec.git:
    - MSSDK
    - TASDK
  https://github.com/CocoaPods/Specs.git:
    - AdColony
    - Ads-Global
    - AppLovinMediationAdColonyAdapter
    - AppLovinMediationByteDanceAdapter
    - AppLovinMediationChartboostAdapter
    - AppLovinMediationFacebookAdapter
    - AppLovinMediationFyberAdapter
    - AppLovinMediationGoogleAdapter
    - AppLovinMediationGoogleAdManagerAdapter
    - AppLovinMediationInMobiAdapter
    - AppLovinMediationIronSourceAdapter
    - AppLovinMediationSmaatoAdapter
    - AppLovinMediationTapjoyAdapter
    - AppLovinMediationUnityAdsAdapter
    - AppLovinMediationVungleAdapter
    - AppLovinSDK
    - BURelyFoundation_Global
    - ChartboostSDK
    - FBAudienceNetwork
    - Fyber_Marketplace_SDK
    - Google-Mobile-Ads-SDK
    - GoogleAppMeasurement
    - GoogleUserMessagingPlatform
    - GoogleUtilities
    - InMobiSDK
    - IronSourceSDK
    - nanopb
    - PromisesObjC
    - smaato-ios-sdk
    - TapjoySDK
    - UnityAds
    - VungleSDK-iOS

SPEC CHECKSUMS:
  AdColony: 4f3738dc633d7aaa8ec60729df973076cc8e97ed
  Ads-Global: 923880e4001a5177c1bc5a2ece8905be1f9a733a
  AppLovinMediationAdColonyAdapter: aa2bf39a85ad152a631a76898706eeeb61e84eaa
  AppLovinMediationByteDanceAdapter: f1fd6721a0b50ac82efb51e6654a29822f3a0967
  AppLovinMediationChartboostAdapter: 13b9fdab2a860345dbd0aba2224b5df82f136b4b
  AppLovinMediationFacebookAdapter: 296b4b4faeda8b70103ae5c4134b5604082defbd
  AppLovinMediationFyberAdapter: 2fed4182488f03c92299f26526de032b9a635653
  AppLovinMediationGoogleAdapter: 5d68daefbcbf0d2bc92bbbebce52f477bb2c9ed1
  AppLovinMediationGoogleAdManagerAdapter: be15193cd7a9e016e3c567537acbcde2fe02bf4b
  AppLovinMediationInMobiAdapter: 99e6339d4b3e391a7f5de5c0c2be45d5d133dc45
  AppLovinMediationIronSourceAdapter: ad941e2c72170c809bc54af8c82ba1cafb5bf835
  AppLovinMediationSmaatoAdapter: e7f820837e6d3de74d7acd7580efa551842a1d0d
  AppLovinMediationTapjoyAdapter: c06e53f5c2b25c2ee7b6adf51406c48235fe812a
  AppLovinMediationUnityAdsAdapter: b372cde7ee94362aed39cc4bf46408cd978f35d0
  AppLovinMediationVungleAdapter: 718189c43186c292dd280eb7b110eb7fc2eb547e
  AppLovinSDK: a76e8ec3d34fb172c7a32c15efe6805e070c918a
  BURelyFoundation_Global: a36d52a06d1798c0309fbeaa1a95692050e2e75f
  ChartboostSDK: 8dc4743b199eef4661bf37a8464309c610183cf6
  FBAudienceNetwork: e0fcc9091fced34910ed0b6da06f129db46ac9e6
  Fyber_Marketplace_SDK: 8d2523a4644b0cc3dae03102f46f796490df0463
  Google-Mobile-Ads-SDK: 69daa7fb42061b425340706e382e87fab3e666a3
  GoogleAppMeasurement: 2d800fab85e7848b1e66a6f8ce5bca06c5aad892
  GoogleUserMessagingPlatform: 5f8b30daf181805317b6b985bb51c1ff3beca054
  GoogleUtilities: 9aa0ad5a7bc171f8bae016300bfcfa3fb8425749
  InMobiSDK: 285be689e0e92f68d436f0486ddc476f086d60c8
  IronSourceSDK: eb6d95e3528d2163343d79ec70ec7d065e808864
  MSSDK: bd374c20db74404e0dad863c579ba33bc5398b9f
  nanopb: b552cce312b6c8484180ef47159bc0f65a1f0431
  PromisesObjC: 09985d6d70fbe7878040aa746d78236e6946d2ef
  smaato-ios-sdk: 2484d92c82e745c196fa64d8077a217587e209f7
  TapjoySDK: 523f4d91f828fa7e76f9907410dbc4430273d2cd
  TASDK: 2928353ae4db36d3467ed4b3a5775557a06c8513
  UnityAds: 390144b2029ac9ce2ec81c3cfd0007686b59236a
  VungleSDK-iOS: 27725029a42dfb9e39c67956637233fde1ee1797

PODFILE CHECKSUM: 64b8ad34768dc308d1e0fbc3845496379f8fdb7d

COCOAPODS: 1.11.2
