PODS:
  - Ads-Global (6.3.1.1):
    - Ads-Global/BUAdSDK (= 6.3.1.1)
  - Ads-Global/BUAdSDK (6.3.1.1)
  - AppLovinMediationBidMachineAdapter (3.1.1.0.0):
    - AppLovinSDK (>= 13.0.0)
    - BidMachine (= 3.1.1)
  - AppLovinMediationByteDanceAdapter (6.3.1.1.0):
    - Ads-Global (= 6.3.1.1)
    - AppLovinSDK (>= 13.0.0)
  - AppLovinMediationChartboostAdapter (9.8.0.0):
    - AppLovinSDK (>= 13.0.0)
    - ChartboostSDK (= 9.8.0)
  - AppLovinMediationFacebookAdapter (6.15.2.1):
    - AppLovinSDK (>= 13.0.0)
    - FBAudienceNetwork (= 6.15.2)
  - AppLovinMediationFyberAdapter (8.3.3.0):
    - AppLovinSDK (>= 13.0.0)
    - Fyber_Marketplace_SDK (= 8.3.3)
  - AppLovinMediationGoogleAdapter (11.12.0.0):
    - AppLovinSDK (>= 13.0.0)
    - Google-Mobile-Ads-SDK (= 11.12.0)
  - AppLovinMediationGoogleAdManagerAdapter (11.12.0.0):
    - AppLovinSDK (>= 13.0.0)
    - Google-Mobile-Ads-SDK (= 11.12.0)
  - AppLovinMediationInMobiAdapter (10.8.0.0):
    - AppLovinSDK (>= 13.0.0)
    - InMobiSDK (= 10.8.0)
  - AppLovinMediationIronSourceAdapter (8.5.0.0.0):
    - AppLovinSDK (>= 13.0.0)
    - IronSourceSDK (= 8.5.0.0)
  - AppLovinMediationMintegralAdapter (7.7.3.0.0):
    - AppLovinSDK (>= 13.0.0)
    - MintegralAdSDK (= 7.7.3)
    - MintegralAdSDK/BidSplashAd (= 7.7.3)
  - AppLovinMediationUnityAdsAdapter (4.12.5.0):
    - AppLovinSDK (>= 13.0.0)
    - UnityAds (= 4.12.5)
  - AppLovinMediationVungleAdapter (7.4.2.1):
    - AppLovinSDK (>= 13.0.0)
    - VungleAds (= 7.4.2)
  - AppLovinSDK (13.0.1)
  - BidMachine (3.1.1):
    - BidMachine/Static (= 3.1.1)
  - BidMachine/Static (3.1.1):
    - StackModules/Static (~> 3.0.1)
  - ChartboostSDK (9.8.0)
  - FBAudienceNetwork (6.15.2)
  - Fyber_Marketplace_SDK (8.3.3)
  - Google-Mobile-Ads-SDK (11.12.0):
    - GoogleUserMessagingPlatform (>= 1.1)
  - GoogleUserMessagingPlatform (2.7.0)
  - InMobiSDK (10.8.0)
  - IronSourceSDK (8.5.0.0)
  - MintegralAdSDK (7.7.3):
    - MintegralAdSDK/BannerAd (= 7.7.3)
    - MintegralAdSDK/BidBannerAd (= 7.7.3)
    - MintegralAdSDK/BidInterstitialVideoAd (= 7.7.3)
    - MintegralAdSDK/BidNativeAd (= 7.7.3)
    - MintegralAdSDK/BidNewInterstitialAd (= 7.7.3)
    - MintegralAdSDK/BidRewardVideoAd (= 7.7.3)
    - MintegralAdSDK/InterstitialVideoAd (= 7.7.3)
    - MintegralAdSDK/NativeAd (= 7.7.3)
    - MintegralAdSDK/NewInterstitialAd (= 7.7.3)
    - MintegralAdSDK/RewardVideoAd (= 7.7.3)
  - MintegralAdSDK/BannerAd (7.7.3):
    - MintegralAdSDK/NativeAd
  - MintegralAdSDK/BidBannerAd (7.7.3):
    - MintegralAdSDK/BannerAd
    - MintegralAdSDK/BidNativeAd
  - MintegralAdSDK/BidInterstitialVideoAd (7.7.3):
    - MintegralAdSDK/BidNativeAd
    - MintegralAdSDK/InterstitialVideoAd
  - MintegralAdSDK/BidNativeAd (7.7.3):
    - MintegralAdSDK/NativeAd
  - MintegralAdSDK/BidNewInterstitialAd (7.7.3):
    - MintegralAdSDK/BidNativeAd
    - MintegralAdSDK/NewInterstitialAd
  - MintegralAdSDK/BidRewardVideoAd (7.7.3):
    - MintegralAdSDK/BidNativeAd
    - MintegralAdSDK/RewardVideoAd
  - MintegralAdSDK/BidSplashAd (7.7.3):
    - MintegralAdSDK/BidNativeAd
    - MintegralAdSDK/SplashAd
  - MintegralAdSDK/InterstitialVideoAd (7.7.3):
    - MintegralAdSDK/NativeAd
  - MintegralAdSDK/NativeAd (7.7.3)
  - MintegralAdSDK/NewInterstitialAd (7.7.3):
    - MintegralAdSDK/InterstitialVideoAd
    - MintegralAdSDK/NativeAd
  - MintegralAdSDK/RewardVideoAd (7.7.3):
    - MintegralAdSDK/NativeAd
  - MintegralAdSDK/SplashAd (7.7.3):
    - MintegralAdSDK/NativeAd
  - MSSDK (4.1.0.8)
  - OMSDK_Appodeal (1.5.2)
  - StackModules/Core-Static (3.0.1)
  - StackModules/ProductPresentation-Static (3.0.1):
    - StackModules/Core-Static
  - StackModules/Rendering-Static (3.0.1):
    - OMSDK_Appodeal (~> 1.5.2)
    - StackModules/Core-Static
    - StackModules/ProductPresentation-Static
  - StackModules/Static (3.0.1):
    - StackModules/Core-Static
    - StackModules/ProductPresentation-Static
    - StackModules/Rendering-Static
  - TASDK (4.1.1.4)
  - UnityAds (4.12.5)
  - VungleAds (7.4.2)

DEPENDENCIES:
  - AppLovinMediationBidMachineAdapter (= 3.1.1.0.0)
  - AppLovinMediationByteDanceAdapter (= 6.3.1.1.0)
  - AppLovinMediationChartboostAdapter (= 9.8.0.0)
  - AppLovinMediationFacebookAdapter (= 6.15.2.1)
  - AppLovinMediationFyberAdapter (= 8.3.3.0)
  - AppLovinMediationGoogleAdapter (= 11.12.0.0)
  - AppLovinMediationGoogleAdManagerAdapter (= 11.12.0.0)
  - AppLovinMediationInMobiAdapter (= 10.8.0.0)
  - AppLovinMediationIronSourceAdapter (= 8.5.0.0.0)
  - AppLovinMediationMintegralAdapter (= 7.7.3.0.0)
  - AppLovinMediationUnityAdsAdapter (= 4.12.5.0)
  - AppLovinMediationVungleAdapter (= 7.4.2.1)
  - AppLovinSDK (= 13.0.1)
  - MSSDK (= 4.1.0.8)
  - TASDK

SPEC REPOS:
  https://github.com/Avid-ly/iOS-CocoaPods-Spec.git:
    - MSSDK
    - TASDK
  https://github.com/CocoaPods/Specs.git:
    - Ads-Global
    - AppLovinMediationBidMachineAdapter
    - AppLovinMediationByteDanceAdapter
    - AppLovinMediationChartboostAdapter
    - AppLovinMediationFacebookAdapter
    - AppLovinMediationFyberAdapter
    - AppLovinMediationGoogleAdapter
    - AppLovinMediationGoogleAdManagerAdapter
    - AppLovinMediationInMobiAdapter
    - AppLovinMediationIronSourceAdapter
    - AppLovinMediationMintegralAdapter
    - AppLovinMediationUnityAdsAdapter
    - AppLovinMediationVungleAdapter
    - AppLovinSDK
    - BidMachine
    - ChartboostSDK
    - FBAudienceNetwork
    - Fyber_Marketplace_SDK
    - Google-Mobile-Ads-SDK
    - GoogleUserMessagingPlatform
    - InMobiSDK
    - IronSourceSDK
    - MintegralAdSDK
    - OMSDK_Appodeal
    - StackModules
    - UnityAds
    - VungleAds

SPEC CHECKSUMS:
  Ads-Global: 6b5aa72a65cf25b32bf5b7e2763bbb10fee40674
  AppLovinMediationBidMachineAdapter: 47ab3fc5b5ea224665ee0facacf553f83b5b3081
  AppLovinMediationByteDanceAdapter: 2bf4dec26b4c301bb122e49523035195a8331d89
  AppLovinMediationChartboostAdapter: cff01475136bfb065c993b2f0a1e865842ab9f71
  AppLovinMediationFacebookAdapter: a569c3015e24b5e00049a46bb344ba00894b3541
  AppLovinMediationFyberAdapter: d37dfca510458b12cd94a1a569dd2d67dc2852c6
  AppLovinMediationGoogleAdapter: 63482ef846f4c4203cd407679c0d70e3c43489a4
  AppLovinMediationGoogleAdManagerAdapter: 7939a76df5bd3beb229f875617dfc8926b820b8c
  AppLovinMediationInMobiAdapter: 3c85806a4d9a96a58e894eff1b652fa38d4823d8
  AppLovinMediationIronSourceAdapter: ed24d82123db8171169cd1c90fc7dc28c24ae536
  AppLovinMediationMintegralAdapter: 97d210078a2de1d2f5c922346010ab844e046271
  AppLovinMediationUnityAdsAdapter: bfa3172896aea71edbf5d3c429e92f09bb8a21ec
  AppLovinMediationVungleAdapter: c21018a07aeca248d8cca28cf027e6d620a7fe1d
  AppLovinSDK: fdae6a4361c9c9b09f8d7d18ede792368221d987
  BidMachine: 0deb881916c2063690debcbe98b0b5f11f6ce40d
  ChartboostSDK: f8422957daa675fa4a0bb9f159144b3b59ef5c27
  FBAudienceNetwork: 2457a89b45e2596241fd81b0c2fd8cb6f6053869
  Fyber_Marketplace_SDK: a39065cbd4bb3af733f3e9691fc9a098991fd3a2
  Google-Mobile-Ads-SDK: 3a76704456669fbed2057efc8bdb99050ad0e3fb
  GoogleUserMessagingPlatform: a8b56893477f67212fbc8411c139e61d463349f5
  InMobiSDK: 0cfb1a1eb5112fa0236ae1fab549e31fb96c9566
  IronSourceSDK: 9ca8fc2e59892dece8d93bf2745137d1cf16333e
  MintegralAdSDK: 217cca20529055c8791c82985dd7a74864e49fd0
  MSSDK: f39b1ef1b25b7912fc91ddf804234cca059eb751
  OMSDK_Appodeal: 066f9da2c77d560e319341c6bd4739828bc65842
  StackModules: 3a8cbd3d0f48f678b9310f471c7b84877e40201e
  TASDK: 1930e6af5db50f6ab5e23e8d219c8c96c5d4c764
  UnityAds: a4036ed911b4df2227d8137f4f777fcb86c4a2df
  VungleAds: d7cf66a6dfd390a583ea2b2cfb9af1043b686e58

PODFILE CHECKSUM: fbbf791aaf34191ce894bf18d741d025f389a8c0

COCOAPODS: 1.15.2
